
Microsoft Visual Studio Solution File, Format Version 12.00
# Visual Studio Version 17
VisualStudioVersion = 17.5.002.0
MinimumVisualStudioVersion = 10.0.40219.1
Project("{9A19103F-16F7-4668-BE54-9A1E7A4F7556}") = "ConsoleApp2", "The_if_Decision_Statement\ConsoleApp2.csproj", "{763A9BAD-A72E-48B8-8088-F80E25CB6157}"
EndProject
Project("{FAE04EC0-301F-11D3-BF4B-00C04F79EFBC}") = "ConsoleApp13", "ConsoleApp13\ConsoleApp13.csproj", "{6605BEF4-7F37-4523-98FE-4D41D0938A47}"
EndProject
Project("{FAE04EC0-301F-11D3-BF4B-00C04F79EFBC}") = "ConditionalOperation_Concatination", "ConditionalOperation_Concatination\ConditionalOperation_Concatination.csproj", "{BEE02248-AA53-44D5-8681-1993CB9FC0C4}"
EndProject
Project("{FAE04EC0-301F-11D3-BF4B-00C04F79EFBC}") = "ConditionalOperation_String_Format", "ConditionalOperation_String_Format\ConditionalOperation_String_Format.csproj", "{2E1B534B-7894-4FFA-9D2A-7955BDADEA41}"
EndProject
Project("{FAE04EC0-301F-11D3-BF4B-00C04F79EFBC}") = "For_Iteration_Statement", "For_Iteration_Statement\For_Iteration_Statement.csproj", "{9370D520-2D07-4180-B2D7-37BEC7A22F98}"
EndProject
Project("{FAE04EC0-301F-11D3-BF4B-00C04F79EFBC}") = "For_Iteration_Statement_With_IF_Conditional", "For_Iteration_Statement_With_IF_Conditional\For_Iteration_Statement_With_IF_Conditional.csproj", "{1D3588A4-4544-4F6E-AFB5-57E1DA29B58C}"
EndProject
Project("{FAE04EC0-301F-11D3-BF4B-00C04F79EFBC}") = "For_Loop_Iteration", "For_Loop_Iteration\For_Loop_Iteration.csproj", "{AF9C0CB5-092E-4A47-8A6D-0182330A83B6}"
EndProject
Project("{FAE04EC0-301F-11D3-BF4B-00C04F79EFBC}") = "For_Loop_Iteration_Example", "For_Loop_Iteration_Example\For_Loop_Iteration_Example.csproj", "{3DDFAB23-B84D-47D3-9E8F-EB079BBF904D}"
EndProject
Project("{FAE04EC0-301F-11D3-BF4B-00C04F79EFBC}") = "For_Loop_Iteration_On_String", "For_Loop_Iteration_On_String\For_Loop_Iteration_On_String.csproj", "{84AA005F-279D-47E5-B7A7-E1213D6A41DF}"
EndProject
Project("{FAE04EC0-301F-11D3-BF4B-00C04F79EFBC}") = "For_Loop_Iteration_Reversing_A_String", "For_Loop_Iteration_Reversing_A_String\For_Loop_Iteration_Reversing_A_String.csproj", "{D31571E1-D4CB-4EE9-9810-FDE35A37A097}"
EndProject
Project("{FAE04EC0-301F-11D3-BF4B-00C04F79EFBC}") = "Helper_Methods_BruteForce", "Helper_Methods_BruteForce\Helper_Methods_BruteForce.csproj", "{FAB0517C-13F2-4B7F-8BFB-F3353B94A503}"
EndProject
Project("{FAE04EC0-301F-11D3-BF4B-00C04F79EFBC}") = "Helper_Methods_Reversing_String", "Helper_Methods_Reversing_String\Helper_Methods_Reversing_String.csproj", "{50D5C4E4-4CB9-407B-8683-B8BD2FE8C25A}"
EndProject
Project("{FAE04EC0-301F-11D3-BF4B-00C04F79EFBC}") = "Helper_Methods_Reversing_String_Calling_Methods", "Helper_Methods_Reversing_String_Calling_Methods\Helper_Methods_Reversing_String_Calling_Methods.csproj", "{08A47F38-E9BB-4202-B806-E98B178DF96B}"
EndProject
Project("{FAE04EC0-301F-11D3-BF4B-00C04F79EFBC}") = "Helper_Methods_Reversing_String_Use_Return_Value", "Helper_Methods_Reversing_String_Use_Return_Value\Helper_Methods_Reversing_String_Use_Return_Value.csproj", "{BB3A1851-481F-4DC8-AC8F-29E3D8782877}"
EndProject
Project("{FAE04EC0-301F-11D3-BF4B-00C04F79EFBC}") = "Helper_Methods_Reverse_function_and_Display_Function", "Helper_Methods_Reverse_function_and_Display_Function\Helper_Methods_Reverse_function_and_Display_Function.csproj", "{301D3DAA-5F4F-44D0-AD4C-F21C78804EBF}"
EndProject
Project("{FAE04EC0-301F-11D3-BF4B-00C04F79EFBC}") = "While_Loop_Console_Menu", "While_Loop_Console_Menu\While_Loop_Console_Menu.csproj", "{7830D045-A9EC-4679-9168-57AE2F413324}"
EndProject
Project("{FAE04EC0-301F-11D3-BF4B-00C04F79EFBC}") = "Learning_CSharp_Five_of_Ninteen", "Learning_CSharp_Five_of_Ninteen\Learning_CSharp_Five_of_Ninteen.csproj", "{A511CB46-CD22-4547-B088-577844F90D00}"
EndProject
Project("{FAE04EC0-301F-11D3-BF4B-00C04F79EFBC}") = "Learning_CSharp_Six_of_Ninteen", "Learning_CSharp_Six_of_Ninteen\Learning_CSharp_Six_of_Ninteen.csproj", "{90CDFA48-DE5E-4922-9F20-FF9FE6B8549D}"
EndProject
Project("{FAE04EC0-301F-11D3-BF4B-00C04F79EFBC}") = "Learning_CSharp_Seven_of_Ninteen", "Learning_CSharp_Seven_of_Ninteen\Learning_CSharp_Seven_of_Ninteen.csproj", "{73229CEB-4629-4770-B253-44E82981560C}"
EndProject
Project("{FAE04EC0-301F-11D3-BF4B-00C04F79EFBC}") = "Learning_CSharp_Nine_of_Ninteen", "Learning_CSharp_Nine_of_Ninteen\Learning_CSharp_Nine_of_Ninteen.csproj", "{56B75A6A-40E3-42DC-BB67-35FC74E65542}"
EndProject
Project("{FAE04EC0-301F-11D3-BF4B-00C04F79EFBC}") = "Learning_CSharp_Eleven_of_Ninteen", "Learning_CSharp_Eleven_of_Ninteen\Learning_CSharp_Eleven_of_Ninteen.csproj", "{E571A901-6D2E-4D7E-90AB-DA28BB45CDC1}"
EndProject
Project("{FAE04EC0-301F-11D3-BF4B-00C04F79EFBC}") = "Learning_CSharp_Twelve_of_Ninteen", "Learning_CSharp_Twelve_of_Ninteen\Learning_CSharp_Twelve_of_Ninteen.csproj", "{83E9B07E-FAFA-4996-806F-27833F93B4CF}"
EndProject
Global
	GlobalSection(SolutionConfigurationPlatforms) = preSolution
		Debug|Any CPU = Debug|Any CPU
		Release|Any CPU = Release|Any CPU
	EndGlobalSection
	GlobalSection(ProjectConfigurationPlatforms) = postSolution
		{763A9BAD-A72E-48B8-8088-F80E25CB6157}.Debug|Any CPU.ActiveCfg = Debug|Any CPU
		{763A9BAD-A72E-48B8-8088-F80E25CB6157}.Debug|Any CPU.Build.0 = Debug|Any CPU
		{763A9BAD-A72E-48B8-8088-F80E25CB6157}.Release|Any CPU.ActiveCfg = Release|Any CPU
		{763A9BAD-A72E-48B8-8088-F80E25CB6157}.Release|Any CPU.Build.0 = Release|Any CPU
		{6605BEF4-7F37-4523-98FE-4D41D0938A47}.Debug|Any CPU.ActiveCfg = Debug|Any CPU
		{6605BEF4-7F37-4523-98FE-4D41D0938A47}.Debug|Any CPU.Build.0 = Debug|Any CPU
		{6605BEF4-7F37-4523-98FE-4D41D0938A47}.Release|Any CPU.ActiveCfg = Release|Any CPU
		{6605BEF4-7F37-4523-98FE-4D41D0938A47}.Release|Any CPU.Build.0 = Release|Any CPU
		{BEE02248-AA53-44D5-8681-1993CB9FC0C4}.Debug|Any CPU.ActiveCfg = Debug|Any CPU
		{BEE02248-AA53-44D5-8681-1993CB9FC0C4}.Debug|Any CPU.Build.0 = Debug|Any CPU
		{BEE02248-AA53-44D5-8681-1993CB9FC0C4}.Release|Any CPU.ActiveCfg = Release|Any CPU
		{BEE02248-AA53-44D5-8681-1993CB9FC0C4}.Release|Any CPU.Build.0 = Release|Any CPU
		{2E1B534B-7894-4FFA-9D2A-7955BDADEA41}.Debug|Any CPU.ActiveCfg = Debug|Any CPU
		{2E1B534B-7894-4FFA-9D2A-7955BDADEA41}.Debug|Any CPU.Build.0 = Debug|Any CPU
		{2E1B534B-7894-4FFA-9D2A-7955BDADEA41}.Release|Any CPU.ActiveCfg = Release|Any CPU
		{2E1B534B-7894-4FFA-9D2A-7955BDADEA41}.Release|Any CPU.Build.0 = Release|Any CPU
		{9370D520-2D07-4180-B2D7-37BEC7A22F98}.Debug|Any CPU.ActiveCfg = Debug|Any CPU
		{9370D520-2D07-4180-B2D7-37BEC7A22F98}.Debug|Any CPU.Build.0 = Debug|Any CPU
		{9370D520-2D07-4180-B2D7-37BEC7A22F98}.Release|Any CPU.ActiveCfg = Release|Any CPU
		{9370D520-2D07-4180-B2D7-37BEC7A22F98}.Release|Any CPU.Build.0 = Release|Any CPU
		{1D3588A4-4544-4F6E-AFB5-57E1DA29B58C}.Debug|Any CPU.ActiveCfg = Debug|Any CPU
		{1D3588A4-4544-4F6E-AFB5-57E1DA29B58C}.Debug|Any CPU.Build.0 = Debug|Any CPU
		{1D3588A4-4544-4F6E-AFB5-57E1DA29B58C}.Release|Any CPU.ActiveCfg = Release|Any CPU
		{1D3588A4-4544-4F6E-AFB5-57E1DA29B58C}.Release|Any CPU.Build.0 = Release|Any CPU
		{AF9C0CB5-092E-4A47-8A6D-0182330A83B6}.Debug|Any CPU.ActiveCfg = Debug|Any CPU
		{AF9C0CB5-092E-4A47-8A6D-0182330A83B6}.Debug|Any CPU.Build.0 = Debug|Any CPU
		{AF9C0CB5-092E-4A47-8A6D-0182330A83B6}.Release|Any CPU.ActiveCfg = Release|Any CPU
		{AF9C0CB5-092E-4A47-8A6D-0182330A83B6}.Release|Any CPU.Build.0 = Release|Any CPU
		{3DDFAB23-B84D-47D3-9E8F-EB079BBF904D}.Debug|Any CPU.ActiveCfg = Debug|Any CPU
		{3DDFAB23-B84D-47D3-9E8F-EB079BBF904D}.Debug|Any CPU.Build.0 = Debug|Any CPU
		{3DDFAB23-B84D-47D3-9E8F-EB079BBF904D}.Release|Any CPU.ActiveCfg = Release|Any CPU
		{3DDFAB23-B84D-47D3-9E8F-EB079BBF904D}.Release|Any CPU.Build.0 = Release|Any CPU
		{84AA005F-279D-47E5-B7A7-E1213D6A41DF}.Debug|Any CPU.ActiveCfg = Debug|Any CPU
		{84AA005F-279D-47E5-B7A7-E1213D6A41DF}.Debug|Any CPU.Build.0 = Debug|Any CPU
		{84AA005F-279D-47E5-B7A7-E1213D6A41DF}.Release|Any CPU.ActiveCfg = Release|Any CPU
		{84AA005F-279D-47E5-B7A7-E1213D6A41DF}.Release|Any CPU.Build.0 = Release|Any CPU
		{D31571E1-D4CB-4EE9-9810-FDE35A37A097}.Debug|Any CPU.ActiveCfg = Debug|Any CPU
		{D31571E1-D4CB-4EE9-9810-FDE35A37A097}.Debug|Any CPU.Build.0 = Debug|Any CPU
		{D31571E1-D4CB-4EE9-9810-FDE35A37A097}.Release|Any CPU.ActiveCfg = Release|Any CPU
		{D31571E1-D4CB-4EE9-9810-FDE35A37A097}.Release|Any CPU.Build.0 = Release|Any CPU
		{FAB0517C-13F2-4B7F-8BFB-F3353B94A503}.Debug|Any CPU.ActiveCfg = Debug|Any CPU
		{FAB0517C-13F2-4B7F-8BFB-F3353B94A503}.Debug|Any CPU.Build.0 = Debug|Any CPU
		{FAB0517C-13F2-4B7F-8BFB-F3353B94A503}.Release|Any CPU.ActiveCfg = Release|Any CPU
		{FAB0517C-13F2-4B7F-8BFB-F3353B94A503}.Release|Any CPU.Build.0 = Release|Any CPU
		{50D5C4E4-4CB9-407B-8683-B8BD2FE8C25A}.Debug|Any CPU.ActiveCfg = Debug|Any CPU
		{50D5C4E4-4CB9-407B-8683-B8BD2FE8C25A}.Debug|Any CPU.Build.0 = Debug|Any CPU
		{50D5C4E4-4CB9-407B-8683-B8BD2FE8C25A}.Release|Any CPU.ActiveCfg = Release|Any CPU
		{50D5C4E4-4CB9-407B-8683-B8BD2FE8C25A}.Release|Any CPU.Build.0 = Release|Any CPU
		{08A47F38-E9BB-4202-B806-E98B178DF96B}.Debug|Any CPU.ActiveCfg = Debug|Any CPU
		{08A47F38-E9BB-4202-B806-E98B178DF96B}.Debug|Any CPU.Build.0 = Debug|Any CPU
		{08A47F38-E9BB-4202-B806-E98B178DF96B}.Release|Any CPU.ActiveCfg = Release|Any CPU
		{08A47F38-E9BB-4202-B806-E98B178DF96B}.Release|Any CPU.Build.0 = Release|Any CPU
		{BB3A1851-481F-4DC8-AC8F-29E3D8782877}.Debug|Any CPU.ActiveCfg = Debug|Any CPU
		{BB3A1851-481F-4DC8-AC8F-29E3D8782877}.Debug|Any CPU.Build.0 = Debug|Any CPU
		{BB3A1851-481F-4DC8-AC8F-29E3D8782877}.Release|Any CPU.ActiveCfg = Release|Any CPU
		{BB3A1851-481F-4DC8-AC8F-29E3D8782877}.Release|Any CPU.Build.0 = Release|Any CPU
		{301D3DAA-5F4F-44D0-AD4C-F21C78804EBF}.Debug|Any CPU.ActiveCfg = Debug|Any CPU
		{301D3DAA-5F4F-44D0-AD4C-F21C78804EBF}.Debug|Any CPU.Build.0 = Debug|Any CPU
		{301D3DAA-5F4F-44D0-AD4C-F21C78804EBF}.Release|Any CPU.ActiveCfg = Release|Any CPU
		{301D3DAA-5F4F-44D0-AD4C-F21C78804EBF}.Release|Any CPU.Build.0 = Release|Any CPU
		{7830D045-A9EC-4679-9168-57AE2F413324}.Debug|Any CPU.ActiveCfg = Debug|Any CPU
		{7830D045-A9EC-4679-9168-57AE2F413324}.Debug|Any CPU.Build.0 = Debug|Any CPU
		{7830D045-A9EC-4679-9168-57AE2F413324}.Release|Any CPU.ActiveCfg = Release|Any CPU
		{7830D045-A9EC-4679-9168-57AE2F413324}.Release|Any CPU.Build.0 = Release|Any CPU
		{A511CB46-CD22-4547-B088-577844F90D00}.Debug|Any CPU.ActiveCfg = Debug|Any CPU
		{A511CB46-CD22-4547-B088-577844F90D00}.Debug|Any CPU.Build.0 = Debug|Any CPU
		{A511CB46-CD22-4547-B088-577844F90D00}.Release|Any CPU.ActiveCfg = Release|Any CPU
		{A511CB46-CD22-4547-B088-577844F90D00}.Release|Any CPU.Build.0 = Release|Any CPU
		{90CDFA48-DE5E-4922-9F20-FF9FE6B8549D}.Debug|Any CPU.ActiveCfg = Debug|Any CPU
		{90CDFA48-DE5E-4922-9F20-FF9FE6B8549D}.Debug|Any CPU.Build.0 = Debug|Any CPU
		{90CDFA48-DE5E-4922-9F20-FF9FE6B8549D}.Release|Any CPU.ActiveCfg = Release|Any CPU
		{90CDFA48-DE5E-4922-9F20-FF9FE6B8549D}.Release|Any CPU.Build.0 = Release|Any CPU
		{73229CEB-4629-4770-B253-44E82981560C}.Debug|Any CPU.ActiveCfg = Debug|Any CPU
		{73229CEB-4629-4770-B253-44E82981560C}.Debug|Any CPU.Build.0 = Debug|Any CPU
		{73229CEB-4629-4770-B253-44E82981560C}.Release|Any CPU.ActiveCfg = Release|Any CPU
		{73229CEB-4629-4770-B253-44E82981560C}.Release|Any CPU.Build.0 = Release|Any CPU
		{56B75A6A-40E3-42DC-BB67-35FC74E65542}.Debug|Any CPU.ActiveCfg = Debug|Any CPU
		{56B75A6A-40E3-42DC-BB67-35FC74E65542}.Debug|Any CPU.Build.0 = Debug|Any CPU
		{56B75A6A-40E3-42DC-BB67-35FC74E65542}.Release|Any CPU.ActiveCfg = Release|Any CPU
		{56B75A6A-40E3-42DC-BB67-35FC74E65542}.Release|Any CPU.Build.0 = Release|Any CPU
		{E571A901-6D2E-4D7E-90AB-DA28BB45CDC1}.Debug|Any CPU.ActiveCfg = Debug|Any CPU
		{E571A901-6D2E-4D7E-90AB-DA28BB45CDC1}.Debug|Any CPU.Build.0 = Debug|Any CPU
		{E571A901-6D2E-4D7E-90AB-DA28BB45CDC1}.Release|Any CPU.ActiveCfg = Release|Any CPU
		{E571A901-6D2E-4D7E-90AB-DA28BB45CDC1}.Release|Any CPU.Build.0 = Release|Any CPU
		{83E9B07E-FAFA-4996-806F-27833F93B4CF}.Debug|Any CPU.ActiveCfg = Debug|Any CPU
		{83E9B07E-FAFA-4996-806F-27833F93B4CF}.Debug|Any CPU.Build.0 = Debug|Any CPU
		{83E9B07E-FAFA-4996-806F-27833F93B4CF}.Release|Any CPU.ActiveCfg = Release|Any CPU
		{83E9B07E-FAFA-4996-806F-27833F93B4CF}.Release|Any CPU.Build.0 = Release|Any CPU
	EndGlobalSection
	GlobalSection(SolutionProperties) = preSolution
		HideSolutionNode = FALSE
	EndGlobalSection
	GlobalSection(ExtensibilityGlobals) = postSolution
		SolutionGuid = {E3389D3E-60BD-4CF2-A046-01D9A3E9F9E7}
	EndGlobalSection
EndGlobal
