
Microsoft Visual Studio Solution File, Format Version 12.00
# Visual Studio Version 17
VisualStudioVersion = 17.5.002.0
MinimumVisualStudioVersion = 10.0.40219.1
Project("{9A19103F-16F7-4668-BE54-9A1E7A4F7556}") = "ConsoleApp2", "The_if_Decision_Statement\ConsoleApp2.csproj", "{763A9BAD-A72E-48B8-8088-F80E25CB6157}"
EndProject
Project("{FAE04EC0-301F-11D3-BF4B-00C04F79EFBC}") = "ConsoleApp13", "ConsoleApp13\ConsoleApp13.csproj", "{6605BEF4-7F37-4523-98FE-4D41D0938A47}"
EndProject
Project("{FAE04EC0-301F-11D3-BF4B-00C04F79EFBC}") = "ConditionalOperation_Concatination", "ConditionalOperation_Concatination\ConditionalOperation_Concatination.csproj", "{BEE02248-AA53-44D5-8681-1993CB9FC0C4}"
EndProject
Project("{FAE04EC0-301F-11D3-BF4B-00C04F79EFBC}") = "ConditionalOperation_String_Format", "ConditionalOperation_String_Format\ConditionalOperation_String_Format.csproj", "{2E1B534B-7894-4FFA-9D2A-7955BDADEA41}"
EndProject
Project("{FAE04EC0-301F-11D3-BF4B-00C04F79EFBC}") = "For_Iteration_Statement", "For_Iteration_Statement\For_Iteration_Statement.csproj", "{9370D520-2D07-4180-B2D7-37BEC7A22F98}"
EndProject
Project("{FAE04EC0-301F-11D3-BF4B-00C04F79EFBC}") = "For_Iteration_Statement_With_IF_Conditional", "For_Iteration_Statement_With_IF_Conditional\For_Iteration_Statement_With_IF_Conditional.csproj", "{1D3588A4-4544-4F6E-AFB5-57E1DA29B58C}"
EndProject
Project("{FAE04EC0-301F-11D3-BF4B-00C04F79EFBC}") = "For_Loop_Iteration", "For_Loop_Iteration\For_Loop_Iteration.csproj", "{AF9C0CB5-092E-4A47-8A6D-0182330A83B6}"
EndProject
Project("{FAE04EC0-301F-11D3-BF4B-00C04F79EFBC}") = "For_Loop_Iteration_Example", "For_Loop_Iteration_Example\For_Loop_Iteration_Example.csproj", "{3DDFAB23-B84D-47D3-9E8F-EB079BBF904D}"
EndProject
Project("{FAE04EC0-301F-11D3-BF4B-00C04F79EFBC}") = "For_Loop_Iteration_On_String", "For_Loop_Iteration_On_String\For_Loop_Iteration_On_String.csproj", "{84AA005F-279D-47E5-B7A7-E1213D6A41DF}"
EndProject
Project("{FAE04EC0-301F-11D3-BF4B-00C04F79EFBC}") = "For_Loop_Iteration_Reversing_A_String", "For_Loop_Iteration_Reversing_A_String\For_Loop_Iteration_Reversing_A_String.csproj", "{D31571E1-D4CB-4EE9-9810-FDE35A37A097}"
EndProject
Project("{FAE04EC0-301F-11D3-BF4B-00C04F79EFBC}") = "Helper_Methods_BruteForce", "Helper_Methods_BruteForce\Helper_Methods_BruteForce.csproj", "{FAB0517C-13F2-4B7F-8BFB-F3353B94A503}"
EndProject
Global
	GlobalSection(SolutionConfigurationPlatforms) = preSolution
		Debug|Any CPU = Debug|Any CPU
		Release|Any CPU = Release|Any CPU
	EndGlobalSection
	GlobalSection(ProjectConfigurationPlatforms) = postSolution
		{763A9BAD-A72E-48B8-8088-F80E25CB6157}.Debug|Any CPU.ActiveCfg = Debug|Any CPU
		{763A9BAD-A72E-48B8-8088-F80E25CB6157}.Debug|Any CPU.Build.0 = Debug|Any CPU
		{763A9BAD-A72E-48B8-8088-F80E25CB6157}.Release|Any CPU.ActiveCfg = Release|Any CPU
		{763A9BAD-A72E-48B8-8088-F80E25CB6157}.Release|Any CPU.Build.0 = Release|Any CPU
		{6605BEF4-7F37-4523-98FE-4D41D0938A47}.Debug|Any CPU.ActiveCfg = Debug|Any CPU
		{6605BEF4-7F37-4523-98FE-4D41D0938A47}.Debug|Any CPU.Build.0 = Debug|Any CPU
		{6605BEF4-7F37-4523-98FE-4D41D0938A47}.Release|Any CPU.ActiveCfg = Release|Any CPU
		{6605BEF4-7F37-4523-98FE-4D41D0938A47}.Release|Any CPU.Build.0 = Release|Any CPU
		{BEE02248-AA53-44D5-8681-1993CB9FC0C4}.Debug|Any CPU.ActiveCfg = Debug|Any CPU
		{BEE02248-AA53-44D5-8681-1993CB9FC0C4}.Debug|Any CPU.Build.0 = Debug|Any CPU
		{BEE02248-AA53-44D5-8681-1993CB9FC0C4}.Release|Any CPU.ActiveCfg = Release|Any CPU
		{BEE02248-AA53-44D5-8681-1993CB9FC0C4}.Release|Any CPU.Build.0 = Release|Any CPU
		{2E1B534B-7894-4FFA-9D2A-7955BDADEA41}.Debug|Any CPU.ActiveCfg = Debug|Any CPU
		{2E1B534B-7894-4FFA-9D2A-7955BDADEA41}.Debug|Any CPU.Build.0 = Debug|Any CPU
		{2E1B534B-7894-4FFA-9D2A-7955BDADEA41}.Release|Any CPU.ActiveCfg = Release|Any CPU
		{2E1B534B-7894-4FFA-9D2A-7955BDADEA41}.Release|Any CPU.Build.0 = Release|Any CPU
		{9370D520-2D07-4180-B2D7-37BEC7A22F98}.Debug|Any CPU.ActiveCfg = Debug|Any CPU
		{9370D520-2D07-4180-B2D7-37BEC7A22F98}.Debug|Any CPU.Build.0 = Debug|Any CPU
		{9370D520-2D07-4180-B2D7-37BEC7A22F98}.Release|Any CPU.ActiveCfg = Release|Any CPU
		{9370D520-2D07-4180-B2D7-37BEC7A22F98}.Release|Any CPU.Build.0 = Release|Any CPU
		{1D3588A4-4544-4F6E-AFB5-57E1DA29B58C}.Debug|Any CPU.ActiveCfg = Debug|Any CPU
		{1D3588A4-4544-4F6E-AFB5-57E1DA29B58C}.Debug|Any CPU.Build.0 = Debug|Any CPU
		{1D3588A4-4544-4F6E-AFB5-57E1DA29B58C}.Release|Any CPU.ActiveCfg = Release|Any CPU
		{1D3588A4-4544-4F6E-AFB5-57E1DA29B58C}.Release|Any CPU.Build.0 = Release|Any CPU
		{AF9C0CB5-092E-4A47-8A6D-0182330A83B6}.Debug|Any CPU.ActiveCfg = Debug|Any CPU
		{AF9C0CB5-092E-4A47-8A6D-0182330A83B6}.Debug|Any CPU.Build.0 = Debug|Any CPU
		{AF9C0CB5-092E-4A47-8A6D-0182330A83B6}.Release|Any CPU.ActiveCfg = Release|Any CPU
		{AF9C0CB5-092E-4A47-8A6D-0182330A83B6}.Release|Any CPU.Build.0 = Release|Any CPU
		{3DDFAB23-B84D-47D3-9E8F-EB079BBF904D}.Debug|Any CPU.ActiveCfg = Debug|Any CPU
		{3DDFAB23-B84D-47D3-9E8F-EB079BBF904D}.Debug|Any CPU.Build.0 = Debug|Any CPU
		{3DDFAB23-B84D-47D3-9E8F-EB079BBF904D}.Release|Any CPU.ActiveCfg = Release|Any CPU
		{3DDFAB23-B84D-47D3-9E8F-EB079BBF904D}.Release|Any CPU.Build.0 = Release|Any CPU
		{84AA005F-279D-47E5-B7A7-E1213D6A41DF}.Debug|Any CPU.ActiveCfg = Debug|Any CPU
		{84AA005F-279D-47E5-B7A7-E1213D6A41DF}.Debug|Any CPU.Build.0 = Debug|Any CPU
		{84AA005F-279D-47E5-B7A7-E1213D6A41DF}.Release|Any CPU.ActiveCfg = Release|Any CPU
		{84AA005F-279D-47E5-B7A7-E1213D6A41DF}.Release|Any CPU.Build.0 = Release|Any CPU
		{D31571E1-D4CB-4EE9-9810-FDE35A37A097}.Debug|Any CPU.ActiveCfg = Debug|Any CPU
		{D31571E1-D4CB-4EE9-9810-FDE35A37A097}.Debug|Any CPU.Build.0 = Debug|Any CPU
		{D31571E1-D4CB-4EE9-9810-FDE35A37A097}.Release|Any CPU.ActiveCfg = Release|Any CPU
		{D31571E1-D4CB-4EE9-9810-FDE35A37A097}.Release|Any CPU.Build.0 = Release|Any CPU
		{FAB0517C-13F2-4B7F-8BFB-F3353B94A503}.Debug|Any CPU.ActiveCfg = Debug|Any CPU
		{FAB0517C-13F2-4B7F-8BFB-F3353B94A503}.Debug|Any CPU.Build.0 = Debug|Any CPU
		{FAB0517C-13F2-4B7F-8BFB-F3353B94A503}.Release|Any CPU.ActiveCfg = Release|Any CPU
		{FAB0517C-13F2-4B7F-8BFB-F3353B94A503}.Release|Any CPU.Build.0 = Release|Any CPU
	EndGlobalSection
	GlobalSection(SolutionProperties) = preSolution
		HideSolutionNode = FALSE
	EndGlobalSection
	GlobalSection(ExtensibilityGlobals) = postSolution
		SolutionGuid = {E3389D3E-60BD-4CF2-A046-01D9A3E9F9E7}
	EndGlobalSection
EndGlobal
